
Microsoft Visual Studio Solution File, Format Version 12.00
# Visual Studio Version 16
VisualStudioVersion = 16.0.30517.126
MinimumVisualStudioVersion = 10.0.40219.1
Project("{FAE04EC0-301F-11D3-BF4B-00C04F79EFBC}") = "SongPlayer", "SongPlayer\SongPlayer.csproj", "{7833693F-8850-4A5E-9BA8-4D8EAC35A853}"
EndProject
Global
	GlobalSection(SolutionConfigurationPlatforms) = preSolution
		Debug|Any CPU = Debug|Any CPU
		Release|Any CPU = Release|Any CPU
	EndGlobalSection
	GlobalSection(ProjectConfigurationPlatforms) = postSolution
		{7833693F-8850-4A5E-9BA8-4D8EAC35A853}.Debug|Any CPU.ActiveCfg = Debug|Any CPU
		{7833693F-8850-4A5E-9BA8-4D8EAC35A853}.Debug|Any CPU.Build.0 = Debug|Any CPU
		{7833693F-8850-4A5E-9BA8-4D8EAC35A853}.Release|Any CPU.ActiveCfg = Release|Any CPU
		{7833693F-8850-4A5E-9BA8-4D8EAC35A853}.Release|Any CPU.Build.0 = Release|Any CPU
	EndGlobalSection
	GlobalSection(SolutionProperties) = preSolution
		HideSolutionNode = FALSE
	EndGlobalSection
	GlobalSection(ExtensibilityGlobals) = postSolution
		SolutionGuid = {1F959FD5-52AF-44F5-9914-6362BB27F93A}
	EndGlobalSection
EndGlobal
