
Microsoft Visual Studio Solution File, Format Version 12.00
# Visual Studio Version 16
VisualStudioVersion = 16.0.31829.152
MinimumVisualStudioVersion = 10.0.40219.1
Project("{FAE04EC0-301F-11D3-BF4B-00C04F79EFBC}") = "SongPlayer", "SongPlayer\SongPlayer.csproj", "{A739ADA6-5D8F-41EB-9344-A83EAB92342F}"
EndProject
Global
	GlobalSection(SolutionConfigurationPlatforms) = preSolution
		Debug|Any CPU = Debug|Any CPU
		Release|Any CPU = Release|Any CPU
	EndGlobalSection
	GlobalSection(ProjectConfigurationPlatforms) = postSolution
		{A739ADA6-5D8F-41EB-9344-A83EAB92342F}.Debug|Any CPU.ActiveCfg = Debug|Any CPU
		{A739ADA6-5D8F-41EB-9344-A83EAB92342F}.Debug|Any CPU.Build.0 = Debug|Any CPU
		{A739ADA6-5D8F-41EB-9344-A83EAB92342F}.Release|Any CPU.ActiveCfg = Release|Any CPU
		{A739ADA6-5D8F-41EB-9344-A83EAB92342F}.Release|Any CPU.Build.0 = Release|Any CPU
	EndGlobalSection
	GlobalSection(SolutionProperties) = preSolution
		HideSolutionNode = FALSE
	EndGlobalSection
	GlobalSection(ExtensibilityGlobals) = postSolution
		SolutionGuid = {9D2DCC89-1D1C-468D-B1DE-AFD82A7D16BA}
	EndGlobalSection
EndGlobal
